// !$*UTF8*$!
{
	archiveVersion = 1;
	classes = {
	};
	objectVersion = 48;
	objects = {

/* Begin PBXBuildFile section */
		5EA9A70EDDC893158F2B5B8C /* Pods_BlocksTextField.framework in Frameworks */ = {isa = PBXBuildFile; fileRef = F7E30BC7B170C50369BC2393 /* Pods_BlocksTextField.framework */; };
		92ABCBDC1F94945A00B365E8 /* AppDelegate.swift in Sources */ = {isa = PBXBuildFile; fileRef = 92ABCBDB1F94945A00B365E8 /* AppDelegate.swift */; };
		92ABCBDE1F94945A00B365E8 /* ViewController.swift in Sources */ = {isa = PBXBuildFile; fileRef = 92ABCBDD1F94945A00B365E8 /* ViewController.swift */; };
		92ABCBE11F94945A00B365E8 /* Main.storyboard in Resources */ = {isa = PBXBuildFile; fileRef = 92ABCBDF1F94945A00B365E8 /* Main.storyboard */; };
		92ABCBE31F94945B00B365E8 /* Assets.xcassets in Resources */ = {isa = PBXBuildFile; fileRef = 92ABCBE21F94945B00B365E8 /* Assets.xcassets */; };
		92ABCBE61F94945B00B365E8 /* LaunchScreen.storyboard in Resources */ = {isa = PBXBuildFile; fileRef = 92ABCBE41F94945B00B365E8 /* LaunchScreen.storyboard */; };
		92ABCBF01F94957A00B365E8 /* SubBlockTextField.swift in Sources */ = {isa = PBXBuildFile; fileRef = 92ABCBEF1F94957A00B365E8 /* SubBlockTextField.swift */; };
		92ABCBF21F9495A400B365E8 /* BackTextField.swift in Sources */ = {isa = PBXBuildFile; fileRef = 92ABCBF11F9495A400B365E8 /* BackTextField.swift */; };
		92ABCBF31F949C3000B365E8 /* BlocksTextField.swift in Sources */ = {isa = PBXBuildFile; fileRef = 92ABCBEE1F9494C900B365E8 /* BlocksTextField.swift */; };
		92ABCBF51F949EB400B365E8 /* String+Index.swift in Sources */ = {isa = PBXBuildFile; fileRef = 92ABCBF41F949EB400B365E8 /* String+Index.swift */; };
/* End PBXBuildFile section */

/* Begin PBXFileReference section */
		87F2A0F18FF805FFB8C4BCBA /* Pods-BlocksTextField.release.xcconfig */ = {isa = PBXFileReference; includeInIndex = 1; lastKnownFileType = text.xcconfig; name = "Pods-BlocksTextField.release.xcconfig"; path = "Pods/Target Support Files/Pods-BlocksTextField/Pods-BlocksTextField.release.xcconfig"; sourceTree = "<group>"; };
		92ABCBD81F94945A00B365E8 /* BlocksTextField.app */ = {isa = PBXFileReference; explicitFileType = wrapper.application; includeInIndex = 0; path = BlocksTextField.app; sourceTree = BUILT_PRODUCTS_DIR; };
		92ABCBDB1F94945A00B365E8 /* AppDelegate.swift */ = {isa = PBXFileReference; lastKnownFileType = sourcecode.swift; path = AppDelegate.swift; sourceTree = "<group>"; };
		92ABCBDD1F94945A00B365E8 /* ViewController.swift */ = {isa = PBXFileReference; lastKnownFileType = sourcecode.swift; path = ViewController.swift; sourceTree = "<group>"; };
		92ABCBE01F94945A00B365E8 /* Base */ = {isa = PBXFileReference; lastKnownFileType = file.storyboard; name = Base; path = Base.lproj/Main.storyboard; sourceTree = "<group>"; };
		92ABCBE21F94945B00B365E8 /* Assets.xcassets */ = {isa = PBXFileReference; lastKnownFileType = folder.assetcatalog; path = Assets.xcassets; sourceTree = "<group>"; };
		92ABCBE51F94945B00B365E8 /* Base */ = {isa = PBXFileReference; lastKnownFileType = file.storyboard; name = Base; path = Base.lproj/LaunchScreen.storyboard; sourceTree = "<group>"; };
		92ABCBE71F94945B00B365E8 /* Info.plist */ = {isa = PBXFileReference; lastKnownFileType = text.plist.xml; path = Info.plist; sourceTree = "<group>"; };
		92ABCBEE1F9494C900B365E8 /* BlocksTextField.swift */ = {isa = PBXFileReference; lastKnownFileType = sourcecode.swift; path = BlocksTextField.swift; sourceTree = "<group>"; };
		92ABCBEF1F94957A00B365E8 /* SubBlockTextField.swift */ = {isa = PBXFileReference; lastKnownFileType = sourcecode.swift; path = SubBlockTextField.swift; sourceTree = "<group>"; };
		92ABCBF11F9495A400B365E8 /* BackTextField.swift */ = {isa = PBXFileReference; lastKnownFileType = sourcecode.swift; path = BackTextField.swift; sourceTree = "<group>"; };
		92ABCBF41F949EB400B365E8 /* String+Index.swift */ = {isa = PBXFileReference; lastKnownFileType = sourcecode.swift; path = "String+Index.swift"; sourceTree = "<group>"; };
		9AF6FDFFBC38D65CDD1B31D7 /* Pods-BlocksTextField.debug.xcconfig */ = {isa = PBXFileReference; includeInIndex = 1; lastKnownFileType = text.xcconfig; name = "Pods-BlocksTextField.debug.xcconfig"; path = "Pods/Target Support Files/Pods-BlocksTextField/Pods-BlocksTextField.debug.xcconfig"; sourceTree = "<group>"; };
		F7E30BC7B170C50369BC2393 /* Pods_BlocksTextField.framework */ = {isa = PBXFileReference; explicitFileType = wrapper.framework; includeInIndex = 0; path = Pods_BlocksTextField.framework; sourceTree = BUILT_PRODUCTS_DIR; };
/* End PBXFileReference section */

/* Begin PBXFrameworksBuildPhase section */
		92ABCBD51F94945A00B365E8 /* Frameworks */ = {
			isa = PBXFrameworksBuildPhase;
			buildActionMask = 2147483647;
			files = (
				5EA9A70EDDC893158F2B5B8C /* Pods_BlocksTextField.framework in Frameworks */,
			);
			runOnlyForDeploymentPostprocessing = 0;
		};
/* End PBXFrameworksBuildPhase section */

/* Begin PBXGroup section */
		92ABCBCF1F94945A00B365E8 = {
			isa = PBXGroup;
			children = (
				92ABCBDA1F94945A00B365E8 /* BlocksTextField */,
				92ABCBD91F94945A00B365E8 /* Products */,
				D549C82EC7CF14974AA36F73 /* Pods */,
				F0C745775C5A57DA60E151DB /* Frameworks */,
			);
			sourceTree = "<group>";
		};
		92ABCBD91F94945A00B365E8 /* Products */ = {
			isa = PBXGroup;
			children = (
				92ABCBD81F94945A00B365E8 /* BlocksTextField.app */,
			);
			name = Products;
			sourceTree = "<group>";
		};
		92ABCBDA1F94945A00B365E8 /* BlocksTextField */ = {
			isa = PBXGroup;
			children = (
				92ABCBED1F9494BC00B365E8 /* View */,
				92ABCBDB1F94945A00B365E8 /* AppDelegate.swift */,
				92ABCBDD1F94945A00B365E8 /* ViewController.swift */,
				92ABCBDF1F94945A00B365E8 /* Main.storyboard */,
				92ABCBE21F94945B00B365E8 /* Assets.xcassets */,
				92ABCBE41F94945B00B365E8 /* LaunchScreen.storyboard */,
				92ABCBE71F94945B00B365E8 /* Info.plist */,
			);
			path = BlocksTextField;
			sourceTree = "<group>";
		};
		92ABCBED1F9494BC00B365E8 /* View */ = {
			isa = PBXGroup;
			children = (
				92ABCBEE1F9494C900B365E8 /* BlocksTextField.swift */,
				92ABCBF11F9495A400B365E8 /* BackTextField.swift */,
				92ABCBEF1F94957A00B365E8 /* SubBlockTextField.swift */,
				92ABCBF41F949EB400B365E8 /* String+Index.swift */,
			);
			path = View;
			sourceTree = "<group>";
		};
		D549C82EC7CF14974AA36F73 /* Pods */ = {
			isa = PBXGroup;
			children = (
				9AF6FDFFBC38D65CDD1B31D7 /* Pods-BlocksTextField.debug.xcconfig */,
				87F2A0F18FF805FFB8C4BCBA /* Pods-BlocksTextField.release.xcconfig */,
			);
			name = Pods;
			sourceTree = "<group>";
		};
		F0C745775C5A57DA60E151DB /* Frameworks */ = {
			isa = PBXGroup;
			children = (
				F7E30BC7B170C50369BC2393 /* Pods_BlocksTextField.framework */,
			);
			name = Frameworks;
			sourceTree = "<group>";
		};
/* End PBXGroup section */

/* Begin PBXNativeTarget section */
		92ABCBD71F94945A00B365E8 /* BlocksTextField */ = {
			isa = PBXNativeTarget;
			buildConfigurationList = 92ABCBEA1F94945B00B365E8 /* Build configuration list for PBXNativeTarget "BlocksTextField" */;
			buildPhases = (
				25E2D5020A90B0DEBFD9EA6E /* [CP] Check Pods Manifest.lock */,
				92ABCBD41F94945A00B365E8 /* Sources */,
				92ABCBD51F94945A00B365E8 /* Frameworks */,
				92ABCBD61F94945A00B365E8 /* Resources */,
				227044E5A49169FB4DA32069 /* [CP] Embed Pods Frameworks */,
				56B6D014020BB78AD0979F4D /* [CP] Copy Pods Resources */,
			);
			buildRules = (
			);
			dependencies = (
			);
			name = BlocksTextField;
			productName = BlocksTextField;
			productReference = 92ABCBD81F94945A00B365E8 /* BlocksTextField.app */;
			productType = "com.apple.product-type.application";
		};
/* End PBXNativeTarget section */

/* Begin PBXProject section */
		92ABCBD01F94945A00B365E8 /* Project object */ = {
			isa = PBXProject;
			attributes = {
				LastSwiftUpdateCheck = 0900;
				LastUpgradeCheck = 0900;
				ORGANIZATIONNAME = com.temp;
				TargetAttributes = {
					92ABCBD71F94945A00B365E8 = {
						CreatedOnToolsVersion = 9.0;
						ProvisioningStyle = Manual;
					};
				};
			};
			buildConfigurationList = 92ABCBD31F94945A00B365E8 /* Build configuration list for PBXProject "BlocksTextField" */;
			compatibilityVersion = "Xcode 8.0";
			developmentRegion = en;
			hasScannedForEncodings = 0;
			knownRegions = (
				en,
				Base,
			);
			mainGroup = 92ABCBCF1F94945A00B365E8;
			productRefGroup = 92ABCBD91F94945A00B365E8 /* Products */;
			projectDirPath = "";
			projectRoot = "";
			targets = (
				92ABCBD71F94945A00B365E8 /* BlocksTextField */,
			);
		};
/* End PBXProject section */

/* Begin PBXResourcesBuildPhase section */
		92ABCBD61F94945A00B365E8 /* Resources */ = {
			isa = PBXResourcesBuildPhase;
			buildActionMask = 2147483647;
			files = (
				92ABCBE61F94945B00B365E8 /* LaunchScreen.storyboard in Resources */,
				92ABCBE31F94945B00B365E8 /* Assets.xcassets in Resources */,
				92ABCBE11F94945A00B365E8 /* Main.storyboard in Resources */,
			);
			runOnlyForDeploymentPostprocessing = 0;
		};
/* End PBXResourcesBuildPhase section */

/* Begin PBXShellScriptBuildPhase section */
		227044E5A49169FB4DA32069 /* [CP] Embed Pods Frameworks */ = {
			isa = PBXShellScriptBuildPhase;
			buildActionMask = 2147483647;
			files = (
			);
			inputPaths = (
			);
			name = "[CP] Embed Pods Frameworks";
			outputPaths = (
			);
			runOnlyForDeploymentPostprocessing = 0;
			shellPath = /bin/sh;
			shellScript = "\"${SRCROOT}/Pods/Target Support Files/Pods-BlocksTextField/Pods-BlocksTextField-frameworks.sh\"\n";
			showEnvVarsInLog = 0;
		};
		25E2D5020A90B0DEBFD9EA6E /* [CP] Check Pods Manifest.lock */ = {
			isa = PBXShellScriptBuildPhase;
			buildActionMask = 2147483647;
			files = (
			);
			inputPaths = (
			);
			name = "[CP] Check Pods Manifest.lock";
			outputPaths = (
			);
			runOnlyForDeploymentPostprocessing = 0;
			shellPath = /bin/sh;
			shellScript = "diff \"${PODS_PODFILE_DIR_PATH}/Podfile.lock\" \"${PODS_ROOT}/Manifest.lock\" > /dev/null\nif [ $? != 0 ] ; then\n    # print error to STDERR\n    echo \"error: The sandbox is not in sync with the Podfile.lock. Run 'pod install' or update your CocoaPods installation.\" >&2\n    exit 1\nfi\n";
			showEnvVarsInLog = 0;
		};
		56B6D014020BB78AD0979F4D /* [CP] Copy Pods Resources */ = {
			isa = PBXShellScriptBuildPhase;
			buildActionMask = 2147483647;
			files = (
			);
			inputPaths = (
			);
			name = "[CP] Copy Pods Resources";
			outputPaths = (
			);
			runOnlyForDeploymentPostprocessing = 0;
			shellPath = /bin/sh;
			shellScript = "\"${SRCROOT}/Pods/Target Support Files/Pods-BlocksTextField/Pods-BlocksTextField-resources.sh\"\n";
			showEnvVarsInLog = 0;
		};
/* End PBXShellScriptBuildPhase section */

/* Begin PBXSourcesBuildPhase section */
		92ABCBD41F94945A00B365E8 /* Sources */ = {
			isa = PBXSourcesBuildPhase;
			buildActionMask = 2147483647;
			files = (
				92ABCBF31F949C3000B365E8 /* BlocksTextField.swift in Sources */,
				92ABCBF21F9495A400B365E8 /* BackTextField.swift in Sources */,
				92ABCBDE1F94945A00B365E8 /* ViewController.swift in Sources */,
				92ABCBDC1F94945A00B365E8 /* AppDelegate.swift in Sources */,
				92ABCBF01F94957A00B365E8 /* SubBlockTextField.swift in Sources */,
				92ABCBF51F949EB400B365E8 /* String+Index.swift in Sources */,
			);
			runOnlyForDeploymentPostprocessing = 0;
		};
/* End PBXSourcesBuildPhase section */

/* Begin PBXVariantGroup section */
		92ABCBDF1F94945A00B365E8 /* Main.storyboard */ = {
			isa = PBXVariantGroup;
			children = (
				92ABCBE01F94945A00B365E8 /* Base */,
			);
			name = Main.storyboard;
			sourceTree = "<group>";
		};
		92ABCBE41F94945B00B365E8 /* LaunchScreen.storyboard */ = {
			isa = PBXVariantGroup;
			children = (
				92ABCBE51F94945B00B365E8 /* Base */,
			);
			name = LaunchScreen.storyboard;
			sourceTree = "<group>";
		};
/* End PBXVariantGroup section */

/* Begin XCBuildConfiguration section */
		92ABCBE81F94945B00B365E8 /* Debug */ = {
			isa = XCBuildConfiguration;
			buildSettings = {
				ALWAYS_SEARCH_USER_PATHS = NO;
				CLANG_ANALYZER_NONNULL = YES;
				CLANG_ANALYZER_NUMBER_OBJECT_CONVERSION = YES_AGGRESSIVE;
				CLANG_CXX_LANGUAGE_STANDARD = "gnu++14";
				CLANG_CXX_LIBRARY = "libc++";
				CLANG_ENABLE_MODULES = YES;
				CLANG_ENABLE_OBJC_ARC = YES;
				CLANG_WARN_BLOCK_CAPTURE_AUTORELEASING = YES;
				CLANG_WARN_BOOL_CONVERSION = YES;
				CLANG_WARN_COMMA = YES;
				CLANG_WARN_CONSTANT_CONVERSION = YES;
				CLANG_WARN_DIRECT_OBJC_ISA_USAGE = YES_ERROR;
				CLANG_WARN_DOCUMENTATION_COMMENTS = YES;
				CLANG_WARN_EMPTY_BODY = YES;
				CLANG_WARN_ENUM_CONVERSION = YES;
				CLANG_WARN_INFINITE_RECURSION = YES;
				CLANG_WARN_INT_CONVERSION = YES;
				CLANG_WARN_NON_LITERAL_NULL_CONVERSION = YES;
				CLANG_WARN_OBJC_LITERAL_CONVERSION = YES;
				CLANG_WARN_OBJC_ROOT_CLASS = YES_ERROR;
				CLANG_WARN_RANGE_LOOP_ANALYSIS = YES;
				CLANG_WARN_STRICT_PROTOTYPES = YES;
				CLANG_WARN_SUSPICIOUS_MOVE = YES;
				CLANG_WARN_UNGUARDED_AVAILABILITY = YES_AGGRESSIVE;
				CLANG_WARN_UNREACHABLE_CODE = YES;
				CLANG_WARN__DUPLICATE_METHOD_MATCH = YES;
				CODE_SIGN_IDENTITY = "iPhone Developer";
				COPY_PHASE_STRIP = NO;
				DEBUG_INFORMATION_FORMAT = dwarf;
				ENABLE_STRICT_OBJC_MSGSEND = YES;
				ENABLE_TESTABILITY = YES;
				GCC_C_LANGUAGE_STANDARD = gnu11;
				GCC_DYNAMIC_NO_PIC = NO;
				GCC_NO_COMMON_BLOCKS = YES;
				GCC_OPTIMIZATION_LEVEL = 0;
				GCC_PREPROCESSOR_DEFINITIONS = (
					"DEBUG=1",
					"$(inherited)",
				);
				GCC_WARN_64_TO_32_BIT_CONVERSION = YES;
				GCC_WARN_ABOUT_RETURN_TYPE = YES_ERROR;
				GCC_WARN_UNDECLARED_SELECTOR = YES;
				GCC_WARN_UNINITIALIZED_AUTOS = YES_AGGRESSIVE;
				GCC_WARN_UNUSED_FUNCTION = YES;
				GCC_WARN_UNUSED_VARIABLE = YES;
				IPHONEOS_DEPLOYMENT_TARGET = 11.0;
				MTL_ENABLE_DEBUG_INFO = YES;
				ONLY_ACTIVE_ARCH = YES;
				SDKROOT = iphoneos;
				SWIFT_ACTIVE_COMPILATION_CONDITIONS = DEBUG;
				SWIFT_OPTIMIZATION_LEVEL = "-Onone";
			};
			name = Debug;
		};
		92ABCBE91F94945B00B365E8 /* Release */ = {
			isa = XCBuildConfiguration;
			buildSettings = {
				ALWAYS_SEARCH_USER_PATHS = NO;
				CLANG_ANALYZER_NONNULL = YES;
				CLANG_ANALYZER_NUMBER_OBJECT_CONVERSION = YES_AGGRESSIVE;
				CLANG_CXX_LANGUAGE_STANDARD = "gnu++14";
				CLANG_CXX_LIBRARY = "libc++";
				CLANG_ENABLE_MODULES = YES;
				CLANG_ENABLE_OBJC_ARC = YES;
				CLANG_WARN_BLOCK_CAPTURE_AUTORELEASING = YES;
				CLANG_WARN_BOOL_CONVERSION = YES;
				CLANG_WARN_COMMA = YES;
				CLANG_WARN_CONSTANT_CONVERSION = YES;
				CLANG_WARN_DIRECT_OBJC_ISA_USAGE = YES_ERROR;
				CLANG_WARN_DOCUMENTATION_COMMENTS = YES;
				CLANG_WARN_EMPTY_BODY = YES;
				CLANG_WARN_ENUM_CONVERSION = YES;
				CLANG_WARN_INFINITE_RECURSION = YES;
				CLANG_WARN_INT_CONVERSION = YES;
				CLANG_WARN_NON_LITERAL_NULL_CONVERSION = YES;
				CLANG_WARN_OBJC_LITERAL_CONVERSION = YES;
				CLANG_WARN_OBJC_ROOT_CLASS = YES_ERROR;
				CLANG_WARN_RANGE_LOOP_ANALYSIS = YES;
				CLANG_WARN_STRICT_PROTOTYPES = YES;
				CLANG_WARN_SUSPICIOUS_MOVE = YES;
				CLANG_WARN_UNGUARDED_AVAILABILITY = YES_AGGRESSIVE;
				CLANG_WARN_UNREACHABLE_CODE = YES;
				CLANG_WARN__DUPLICATE_METHOD_MATCH = YES;
				CODE_SIGN_IDENTITY = "iPhone Developer";
				COPY_PHASE_STRIP = NO;
				DEBUG_INFORMATION_FORMAT = "dwarf-with-dsym";
				ENABLE_NS_ASSERTIONS = NO;
				ENABLE_STRICT_OBJC_MSGSEND = YES;
				GCC_C_LANGUAGE_STANDARD = gnu11;
				GCC_NO_COMMON_BLOCKS = YES;
				GCC_WARN_64_TO_32_BIT_CONVERSION = YES;
				GCC_WARN_ABOUT_RETURN_TYPE = YES_ERROR;
				GCC_WARN_UNDECLARED_SELECTOR = YES;
				GCC_WARN_UNINITIALIZED_AUTOS = YES_AGGRESSIVE;
				GCC_WARN_UNUSED_FUNCTION = YES;
				GCC_WARN_UNUSED_VARIABLE = YES;
				IPHONEOS_DEPLOYMENT_TARGET = 11.0;
				MTL_ENABLE_DEBUG_INFO = NO;
				SDKROOT = iphoneos;
				SWIFT_OPTIMIZATION_LEVEL = "-Owholemodule";
				VALIDATE_PRODUCT = YES;
			};
			name = Release;
		};
		92ABCBEB1F94945B00B365E8 /* Debug */ = {
			isa = XCBuildConfiguration;
			baseConfigurationReference = 9AF6FDFFBC38D65CDD1B31D7 /* Pods-BlocksTextField.debug.xcconfig */;
			buildSettings = {
				ASSETCATALOG_COMPILER_APPICON_NAME = AppIcon;
				CODE_SIGN_STYLE = Manual;
				DEVELOPMENT_TEAM = "";
				INFOPLIST_FILE = BlocksTextField/Info.plist;
				IPHONEOS_DEPLOYMENT_TARGET = 10.0;
				LD_RUNPATH_SEARCH_PATHS = "$(inherited) @executable_path/Frameworks";
				PRODUCT_BUNDLE_IDENTIFIER = temp.BlocksTextField;
				PRODUCT_NAME = "$(TARGET_NAME)";
				PROVISIONING_PROFILE_SPECIFIER = "";
				SWIFT_VERSION = 4.0;
				TARGETED_DEVICE_FAMILY = "1,2";
			};
			name = Debug;
		};
		92ABCBEC1F94945B00B365E8 /* Release */ = {
			isa = XCBuildConfiguration;
			baseConfigurationReference = 87F2A0F18FF805FFB8C4BCBA /* Pods-BlocksTextField.release.xcconfig */;
			buildSettings = {
				ASSETCATALOG_COMPILER_APPICON_NAME = AppIcon;
				CODE_SIGN_STYLE = Manual;
				DEVELOPMENT_TEAM = "";
				INFOPLIST_FILE = BlocksTextField/Info.plist;
				IPHONEOS_DEPLOYMENT_TARGET = 10.0;
				LD_RUNPATH_SEARCH_PATHS = "$(inherited) @executable_path/Frameworks";
				PRODUCT_BUNDLE_IDENTIFIER = temp.BlocksTextField;
				PRODUCT_NAME = "$(TARGET_NAME)";
				PROVISIONING_PROFILE_SPECIFIER = "";
				SWIFT_VERSION = 4.0;
				TARGETED_DEVICE_FAMILY = "1,2";
			};
			name = Release;
		};
/* End XCBuildConfiguration section */

/* Begin XCConfigurationList section */
		92ABCBD31F94945A00B365E8 /* Build configuration list for PBXProject "BlocksTextField" */ = {
			isa = XCConfigurationList;
			buildConfigurations = (
				92ABCBE81F94945B00B365E8 /* Debug */,
				92ABCBE91F94945B00B365E8 /* Release */,
			);
			defaultConfigurationIsVisible = 0;
			defaultConfigurationName = Release;
		};
		92ABCBEA1F94945B00B365E8 /* Build configuration list for PBXNativeTarget "BlocksTextField" */ = {
			isa = XCConfigurationList;
			buildConfigurations = (
				92ABCBEB1F94945B00B365E8 /* Debug */,
				92ABCBEC1F94945B00B365E8 /* Release */,
			);
			defaultConfigurationIsVisible = 0;
			defaultConfigurationName = Release;
		};
/* End XCConfigurationList section */
	};
	rootObject = 92ABCBD01F94945A00B365E8 /* Project object */;
}
